
Microsoft Visual Studio Solution File, Format Version 12.00
# Visual Studio Version 17
VisualStudioVersion = 17.7.34031.279
MinimumVisualStudioVersion = 10.0.40219.1
Project("{9A19103F-16F7-4668-BE54-9A1E7A4F7556}") = "Stage0", "Stage0\Stage0.csproj", "{981286C2-DCF5-47D8-8E1F-3A9BD923F5F1}"
EndProject
Project("{2150E333-8FDC-42A3-9474-1A3956D46DE8}") = "Solution Items", "Solution Items", "{41A048BE-F080-407F-8B44-6CDF5FA9B937}"
	ProjectSection(SolutionItems) = preProject
		README.md = README.md
	EndProjectSection
EndProject
Project("{FAE04EC0-301F-11D3-BF4B-00C04F79EFBC}") = "DalFacade", "DalFacade\DalFacade.csproj", "{397C037A-24BF-4651-BBAE-F2FC99C1BA8F}"
EndProject
Project("{FAE04EC0-301F-11D3-BF4B-00C04F79EFBC}") = "DalList", "DalList\DalList.csproj", "{E012C1BC-109F-49D6-8C83-955EBA669F16}"
EndProject
Project("{FAE04EC0-301F-11D3-BF4B-00C04F79EFBC}") = "DalTest", "DalTest\DalTest.csproj", "{05017358-888F-4582-9EC0-5D52E2B5D088}"
EndProject
Global
	GlobalSection(SolutionConfigurationPlatforms) = preSolution
		Debug|Any CPU = Debug|Any CPU
		Release|Any CPU = Release|Any CPU
	EndGlobalSection
	GlobalSection(ProjectConfigurationPlatforms) = postSolution
		{981286C2-DCF5-47D8-8E1F-3A9BD923F5F1}.Debug|Any CPU.ActiveCfg = Debug|Any CPU
		{981286C2-DCF5-47D8-8E1F-3A9BD923F5F1}.Debug|Any CPU.Build.0 = Debug|Any CPU
		{981286C2-DCF5-47D8-8E1F-3A9BD923F5F1}.Release|Any CPU.ActiveCfg = Release|Any CPU
		{981286C2-DCF5-47D8-8E1F-3A9BD923F5F1}.Release|Any CPU.Build.0 = Release|Any CPU
		{397C037A-24BF-4651-BBAE-F2FC99C1BA8F}.Debug|Any CPU.ActiveCfg = Debug|Any CPU
		{397C037A-24BF-4651-BBAE-F2FC99C1BA8F}.Debug|Any CPU.Build.0 = Debug|Any CPU
		{397C037A-24BF-4651-BBAE-F2FC99C1BA8F}.Release|Any CPU.ActiveCfg = Release|Any CPU
		{397C037A-24BF-4651-BBAE-F2FC99C1BA8F}.Release|Any CPU.Build.0 = Release|Any CPU
		{E012C1BC-109F-49D6-8C83-955EBA669F16}.Debug|Any CPU.ActiveCfg = Debug|Any CPU
		{E012C1BC-109F-49D6-8C83-955EBA669F16}.Debug|Any CPU.Build.0 = Debug|Any CPU
		{E012C1BC-109F-49D6-8C83-955EBA669F16}.Release|Any CPU.ActiveCfg = Release|Any CPU
		{E012C1BC-109F-49D6-8C83-955EBA669F16}.Release|Any CPU.Build.0 = Release|Any CPU
		{05017358-888F-4582-9EC0-5D52E2B5D088}.Debug|Any CPU.ActiveCfg = Debug|Any CPU
		{05017358-888F-4582-9EC0-5D52E2B5D088}.Debug|Any CPU.Build.0 = Debug|Any CPU
		{05017358-888F-4582-9EC0-5D52E2B5D088}.Release|Any CPU.ActiveCfg = Release|Any CPU
		{05017358-888F-4582-9EC0-5D52E2B5D088}.Release|Any CPU.Build.0 = Release|Any CPU
	EndGlobalSection
	GlobalSection(SolutionProperties) = preSolution
		HideSolutionNode = FALSE
	EndGlobalSection
	GlobalSection(ExtensibilityGlobals) = postSolution
		SolutionGuid = {9EABAD6B-0514-41CC-9701-9E08F8F09FAD}
	EndGlobalSection
EndGlobal
